
Microsoft Visual Studio Solution File, Format Version 12.00
# Visual Studio Version 17
VisualStudioVersion = 17.13.35806.99 d17.13
MinimumVisualStudioVersion = 10.0.40219.1
Project("{FAE04EC0-301F-11D3-BF4B-00C04F79EFBC}") = "prediccion", "prediccion\prediccion.csproj", "{72D452E5-2C90-46F7-B296-895BA7847CB9}"
EndProject
Global
	GlobalSection(SolutionConfigurationPlatforms) = preSolution
		Debug|Any CPU = Debug|Any CPU
		Release|Any CPU = Release|Any CPU
	EndGlobalSection
	GlobalSection(ProjectConfigurationPlatforms) = postSolution
		{72D452E5-2C90-46F7-B296-895BA7847CB9}.Debug|Any CPU.ActiveCfg = Debug|Any CPU
		{72D452E5-2C90-46F7-B296-895BA7847CB9}.Debug|Any CPU.Build.0 = Debug|Any CPU
		{72D452E5-2C90-46F7-B296-895BA7847CB9}.Release|Any CPU.ActiveCfg = Release|Any CPU
		{72D452E5-2C90-46F7-B296-895BA7847CB9}.Release|Any CPU.Build.0 = Release|Any CPU
	EndGlobalSection
	GlobalSection(SolutionProperties) = preSolution
		HideSolutionNode = FALSE
	EndGlobalSection
	GlobalSection(ExtensibilityGlobals) = postSolution
		SolutionGuid = {76C8E6ED-5256-43E5-B2D4-56AEE3CD00B6}
	EndGlobalSection
EndGlobal
